{
  "originHash" : "5a2a1c746e4db11aaad5831984db662dc0fc473ca21cb890ba9561486712dd9e",
  "pins" : [
    {
      "identity" : "stripe-ios",
      "kind" : "remoteSourceControl",
      "location" : "https://github.com/stripe/stripe-ios",
      "state" : {
        "revision" : "3f0d668f75e2728c901f77340c44445ab89ceb2c",
        "version" : "24.0.0"
      }
    }
  ],
  "version" : 3
}
