// !$*UTF8*$!
{
	archiveVersion = 1;
	classes = {
	};
	objectVersion = 77;
	objects = {

/* Begin PBXBuildFile section */
		BFBC4E602CEA55EF00514B49 /* Stripe in Frameworks */ = {isa = PBXBuildFile; productRef = BFBC4E5F2CEA55EF00514B49 /* Stripe */; };
		BFBC4E622CEA55EF00514B49 /* StripeApplePay in Frameworks */ = {isa = PBXBuildFile; productRef = BFBC4E612CEA55EF00514B49 /* StripeApplePay */; };
		BFBC4E642CEA55EF00514B49 /* StripeCardScan in Frameworks */ = {isa = PBXBuildFile; productRef = BFBC4E632CEA55EF00514B49 /* StripeCardScan */; };
		BFBC4E662CEA55EF00514B49 /* StripeFinancialConnections in Frameworks */ = {isa = PBXBuildFile; productRef = BFBC4E652CEA55EF00514B49 /* StripeFinancialConnections */; };
		BFBC4E682CEA55EF00514B49 /* StripeIdentity in Frameworks */ = {isa = PBXBuildFile; productRef = BFBC4E672CEA55EF00514B49 /* StripeIdentity */; };
		BFBC4E6A2CEA55EF00514B49 /* StripePaymentSheet in Frameworks */ = {isa = PBXBuildFile; productRef = BFBC4E692CEA55EF00514B49 /* StripePaymentSheet */; };
		BFBC4E6C2CEA55EF00514B49 /* StripePayments in Frameworks */ = {isa = PBXBuildFile; productRef = BFBC4E6B2CEA55EF00514B49 /* StripePayments */; };
		BFBC4E6E2CEA55EF00514B49 /* StripePaymentsUI in Frameworks */ = {isa = PBXBuildFile; productRef = BFBC4E6D2CEA55EF00514B49 /* StripePaymentsUI */; };
/* End PBXBuildFile section */

/* Begin PBXContainerItemProxy section */
		BFBC4E422CEA55CF00514B49 /* PBXContainerItemProxy */ = {
			isa = PBXContainerItemProxy;
			containerPortal = BFBC4E292CEA55CE00514B49 /* Project object */;
			proxyType = 1;
			remoteGlobalIDString = BFBC4E302CEA55CE00514B49;
			remoteInfo = "One-ui";
		};
		BFBC4E4C2CEA55CF00514B49 /* PBXContainerItemProxy */ = {
			isa = PBXContainerItemProxy;
			containerPortal = BFBC4E292CEA55CE00514B49 /* Project object */;
			proxyType = 1;
			remoteGlobalIDString = BFBC4E302CEA55CE00514B49;
			remoteInfo = "One-ui";
		};
/* End PBXContainerItemProxy section */

/* Begin PBXFileReference section */
		BFBC4E312CEA55CE00514B49 /* One-ui.app */ = {isa = PBXFileReference; explicitFileType = wrapper.application; includeInIndex = 0; path = "One-ui.app"; sourceTree = BUILT_PRODUCTS_DIR; };
		BFBC4E412CEA55CF00514B49 /* One-uiTests.xctest */ = {isa = PBXFileReference; explicitFileType = wrapper.cfbundle; includeInIndex = 0; path = "One-uiTests.xctest"; sourceTree = BUILT_PRODUCTS_DIR; };
		BFBC4E4B2CEA55CF00514B49 /* One-uiUITests.xctest */ = {isa = PBXFileReference; explicitFileType = wrapper.cfbundle; includeInIndex = 0; path = "One-uiUITests.xctest"; sourceTree = BUILT_PRODUCTS_DIR; };
/* End PBXFileReference section */

/* Begin PBXFileSystemSynchronizedRootGroup section */
		BFBC4E332CEA55CE00514B49 /* One-ui */ = {
			isa = PBXFileSystemSynchronizedRootGroup;
			path = "One-ui";
			sourceTree = "<group>";
		};
		BFBC4E442CEA55CF00514B49 /* One-uiTests */ = {
			isa = PBXFileSystemSynchronizedRootGroup;
			path = "One-uiTests";
			sourceTree = "<group>";
		};
		BFBC4E4E2CEA55CF00514B49 /* One-uiUITests */ = {
			isa = PBXFileSystemSynchronizedRootGroup;
			path = "One-uiUITests";
			sourceTree = "<group>";
		};
/* End PBXFileSystemSynchronizedRootGroup section */

/* Begin PBXFrameworksBuildPhase section */
		BFBC4E2E2CEA55CE00514B49 /* Frameworks */ = {
			isa = PBXFrameworksBuildPhase;
			buildActionMask = 2147483647;
			files = (
				BFBC4E642CEA55EF00514B49 /* StripeCardScan in Frameworks */,
				BFBC4E662CEA55EF00514B49 /* StripeFinancialConnections in Frameworks */,
				BFBC4E682CEA55EF00514B49 /* StripeIdentity in Frameworks */,
				BFBC4E602CEA55EF00514B49 /* Stripe in Frameworks */,
				BFBC4E6A2CEA55EF00514B49 /* StripePaymentSheet in Frameworks */,
				BFBC4E6C2CEA55EF00514B49 /* StripePayments in Frameworks */,
				BFBC4E6E2CEA55EF00514B49 /* StripePaymentsUI in Frameworks */,
				BFBC4E622CEA55EF00514B49 /* StripeApplePay in Frameworks */,
			);
			runOnlyForDeploymentPostprocessing = 0;
		};
		BFBC4E3E2CEA55CF00514B49 /* Frameworks */ = {
			isa = PBXFrameworksBuildPhase;
			buildActionMask = 2147483647;
			files = (
			);
			runOnlyForDeploymentPostprocessing = 0;
		};
		BFBC4E482CEA55CF00514B49 /* Frameworks */ = {
			isa = PBXFrameworksBuildPhase;
			buildActionMask = 2147483647;
			files = (
			);
			runOnlyForDeploymentPostprocessing = 0;
		};
/* End PBXFrameworksBuildPhase section */

/* Begin PBXGroup section */
		BFBC4E282CEA55CE00514B49 = {
			isa = PBXGroup;
			children = (
				BFBC4E332CEA55CE00514B49 /* One-ui */,
				BFBC4E442CEA55CF00514B49 /* One-uiTests */,
				BFBC4E4E2CEA55CF00514B49 /* One-uiUITests */,
				BFBC4E322CEA55CE00514B49 /* Products */,
			);
			sourceTree = "<group>";
		};
		BFBC4E322CEA55CE00514B49 /* Products */ = {
			isa = PBXGroup;
			children = (
				BFBC4E312CEA55CE00514B49 /* One-ui.app */,
				BFBC4E412CEA55CF00514B49 /* One-uiTests.xctest */,
				BFBC4E4B2CEA55CF00514B49 /* One-uiUITests.xctest */,
			);
			name = Products;
			sourceTree = "<group>";
		};
/* End PBXGroup section */

/* Begin PBXNativeTarget section */
		BFBC4E302CEA55CE00514B49 /* One-ui */ = {
			isa = PBXNativeTarget;
			buildConfigurationList = BFBC4E552CEA55CF00514B49 /* Build configuration list for PBXNativeTarget "One-ui" */;
			buildPhases = (
				BFBC4E2D2CEA55CE00514B49 /* Sources */,
				BFBC4E2E2CEA55CE00514B49 /* Frameworks */,
				BFBC4E2F2CEA55CE00514B49 /* Resources */,
			);
			buildRules = (
			);
			dependencies = (
			);
			fileSystemSynchronizedGroups = (
				BFBC4E332CEA55CE00514B49 /* One-ui */,
			);
			name = "One-ui";
			packageProductDependencies = (
				BFBC4E5F2CEA55EF00514B49 /* Stripe */,
				BFBC4E612CEA55EF00514B49 /* StripeApplePay */,
				BFBC4E632CEA55EF00514B49 /* StripeCardScan */,
				BFBC4E652CEA55EF00514B49 /* StripeFinancialConnections */,
				BFBC4E672CEA55EF00514B49 /* StripeIdentity */,
				BFBC4E692CEA55EF00514B49 /* StripePaymentSheet */,
				BFBC4E6B2CEA55EF00514B49 /* StripePayments */,
				BFBC4E6D2CEA55EF00514B49 /* StripePaymentsUI */,
			);
			productName = "One-ui";
			productReference = BFBC4E312CEA55CE00514B49 /* One-ui.app */;
			productType = "com.apple.product-type.application";
		};
		BFBC4E402CEA55CF00514B49 /* One-uiTests */ = {
			isa = PBXNativeTarget;
			buildConfigurationList = BFBC4E582CEA55CF00514B49 /* Build configuration list for PBXNativeTarget "One-uiTests" */;
			buildPhases = (
				BFBC4E3D2CEA55CF00514B49 /* Sources */,
				BFBC4E3E2CEA55CF00514B49 /* Frameworks */,
				BFBC4E3F2CEA55CF00514B49 /* Resources */,
			);
			buildRules = (
			);
			dependencies = (
				BFBC4E432CEA55CF00514B49 /* PBXTargetDependency */,
			);
			fileSystemSynchronizedGroups = (
				BFBC4E442CEA55CF00514B49 /* One-uiTests */,
			);
			name = "One-uiTests";
			packageProductDependencies = (
			);
			productName = "One-uiTests";
			productReference = BFBC4E412CEA55CF00514B49 /* One-uiTests.xctest */;
			productType = "com.apple.product-type.bundle.unit-test";
		};
		BFBC4E4A2CEA55CF00514B49 /* One-uiUITests */ = {
			isa = PBXNativeTarget;
			buildConfigurationList = BFBC4E5B2CEA55CF00514B49 /* Build configuration list for PBXNativeTarget "One-uiUITests" */;
			buildPhases = (
				BFBC4E472CEA55CF00514B49 /* Sources */,
				BFBC4E482CEA55CF00514B49 /* Frameworks */,
				BFBC4E492CEA55CF00514B49 /* Resources */,
			);
			buildRules = (
			);
			dependencies = (
				BFBC4E4D2CEA55CF00514B49 /* PBXTargetDependency */,
			);
			fileSystemSynchronizedGroups = (
				BFBC4E4E2CEA55CF00514B49 /* One-uiUITests */,
			);
			name = "One-uiUITests";
			packageProductDependencies = (
			);
			productName = "One-uiUITests";
			productReference = BFBC4E4B2CEA55CF00514B49 /* One-uiUITests.xctest */;
			productType = "com.apple.product-type.bundle.ui-testing";
		};
/* End PBXNativeTarget section */

/* Begin PBXProject section */
		BFBC4E292CEA55CE00514B49 /* Project object */ = {
			isa = PBXProject;
			attributes = {
				BuildIndependentTargetsInParallel = 1;
				LastSwiftUpdateCheck = 1610;
				LastUpgradeCheck = 1610;
				TargetAttributes = {
					BFBC4E302CEA55CE00514B49 = {
						CreatedOnToolsVersion = 16.1;
					};
					BFBC4E402CEA55CF00514B49 = {
						CreatedOnToolsVersion = 16.1;
						TestTargetID = BFBC4E302CEA55CE00514B49;
					};
					BFBC4E4A2CEA55CF00514B49 = {
						CreatedOnToolsVersion = 16.1;
						TestTargetID = BFBC4E302CEA55CE00514B49;
					};
				};
			};
			buildConfigurationList = BFBC4E2C2CEA55CE00514B49 /* Build configuration list for PBXProject "One-ui" */;
			developmentRegion = en;
			hasScannedForEncodings = 0;
			knownRegions = (
				en,
				Base,
			);
			mainGroup = BFBC4E282CEA55CE00514B49;
			minimizedProjectReferenceProxies = 1;
			packageReferences = (
				BFBC4E5E2CEA55EF00514B49 /* XCRemoteSwiftPackageReference "stripe-ios" */,
			);
			preferredProjectObjectVersion = 77;
			productRefGroup = BFBC4E322CEA55CE00514B49 /* Products */;
			projectDirPath = "";
			projectRoot = "";
			targets = (
				BFBC4E302CEA55CE00514B49 /* One-ui */,
				BFBC4E402CEA55CF00514B49 /* One-uiTests */,
				BFBC4E4A2CEA55CF00514B49 /* One-uiUITests */,
			);
		};
/* End PBXProject section */

/* Begin PBXResourcesBuildPhase section */
		BFBC4E2F2CEA55CE00514B49 /* Resources */ = {
			isa = PBXResourcesBuildPhase;
			buildActionMask = 2147483647;
			files = (
			);
			runOnlyForDeploymentPostprocessing = 0;
		};
		BFBC4E3F2CEA55CF00514B49 /* Resources */ = {
			isa = PBXResourcesBuildPhase;
			buildActionMask = 2147483647;
			files = (
			);
			runOnlyForDeploymentPostprocessing = 0;
		};
		BFBC4E492CEA55CF00514B49 /* Resources */ = {
			isa = PBXResourcesBuildPhase;
			buildActionMask = 2147483647;
			files = (
			);
			runOnlyForDeploymentPostprocessing = 0;
		};
/* End PBXResourcesBuildPhase section */

/* Begin PBXSourcesBuildPhase section */
		BFBC4E2D2CEA55CE00514B49 /* Sources */ = {
			isa = PBXSourcesBuildPhase;
			buildActionMask = 2147483647;
			files = (
			);
			runOnlyForDeploymentPostprocessing = 0;
		};
		BFBC4E3D2CEA55CF00514B49 /* Sources */ = {
			isa = PBXSourcesBuildPhase;
			buildActionMask = 2147483647;
			files = (
			);
			runOnlyForDeploymentPostprocessing = 0;
		};
		BFBC4E472CEA55CF00514B49 /* Sources */ = {
			isa = PBXSourcesBuildPhase;
			buildActionMask = 2147483647;
			files = (
			);
			runOnlyForDeploymentPostprocessing = 0;
		};
/* End PBXSourcesBuildPhase section */

/* Begin PBXTargetDependency section */
		BFBC4E432CEA55CF00514B49 /* PBXTargetDependency */ = {
			isa = PBXTargetDependency;
			target = BFBC4E302CEA55CE00514B49 /* One-ui */;
			targetProxy = BFBC4E422CEA55CF00514B49 /* PBXContainerItemProxy */;
		};
		BFBC4E4D2CEA55CF00514B49 /* PBXTargetDependency */ = {
			isa = PBXTargetDependency;
			target = BFBC4E302CEA55CE00514B49 /* One-ui */;
			targetProxy = BFBC4E4C2CEA55CF00514B49 /* PBXContainerItemProxy */;
		};
/* End PBXTargetDependency section */

/* Begin XCBuildConfiguration section */
		BFBC4E532CEA55CF00514B49 /* Debug */ = {
			isa = XCBuildConfiguration;
			buildSettings = {
				ALWAYS_SEARCH_USER_PATHS = NO;
				ASSETCATALOG_COMPILER_GENERATE_SWIFT_ASSET_SYMBOL_EXTENSIONS = YES;
				CLANG_ANALYZER_NONNULL = YES;
				CLANG_ANALYZER_NUMBER_OBJECT_CONVERSION = YES_AGGRESSIVE;
				CLANG_CXX_LANGUAGE_STANDARD = "gnu++20";
				CLANG_ENABLE_MODULES = YES;
				CLANG_ENABLE_OBJC_ARC = YES;
				CLANG_ENABLE_OBJC_WEAK = YES;
				CLANG_WARN_BLOCK_CAPTURE_AUTORELEASING = YES;
				CLANG_WARN_BOOL_CONVERSION = YES;
				CLANG_WARN_COMMA = YES;
				CLANG_WARN_CONSTANT_CONVERSION = YES;
				CLANG_WARN_DEPRECATED_OBJC_IMPLEMENTATIONS = YES;
				CLANG_WARN_DIRECT_OBJC_ISA_USAGE = YES_ERROR;
				CLANG_WARN_DOCUMENTATION_COMMENTS = YES;
				CLANG_WARN_EMPTY_BODY = YES;
				CLANG_WARN_ENUM_CONVERSION = YES;
				CLANG_WARN_INFINITE_RECURSION = YES;
				CLANG_WARN_INT_CONVERSION = YES;
				CLANG_WARN_NON_LITERAL_NULL_CONVERSION = YES;
				CLANG_WARN_OBJC_IMPLICIT_RETAIN_SELF = YES;
				CLANG_WARN_OBJC_LITERAL_CONVERSION = YES;
				CLANG_WARN_OBJC_ROOT_CLASS = YES_ERROR;
				CLANG_WARN_QUOTED_INCLUDE_IN_FRAMEWORK_HEADER = YES;
				CLANG_WARN_RANGE_LOOP_ANALYSIS = YES;
				CLANG_WARN_STRICT_PROTOTYPES = YES;
				CLANG_WARN_SUSPICIOUS_MOVE = YES;
				CLANG_WARN_UNGUARDED_AVAILABILITY = YES_AGGRESSIVE;
				CLANG_WARN_UNREACHABLE_CODE = YES;
				CLANG_WARN__DUPLICATE_METHOD_MATCH = YES;
				COPY_PHASE_STRIP = NO;
				DEBUG_INFORMATION_FORMAT = dwarf;
				ENABLE_STRICT_OBJC_MSGSEND = YES;
				ENABLE_TESTABILITY = YES;
				ENABLE_USER_SCRIPT_SANDBOXING = YES;
				GCC_C_LANGUAGE_STANDARD = gnu17;
				GCC_DYNAMIC_NO_PIC = NO;
				GCC_NO_COMMON_BLOCKS = YES;
				GCC_OPTIMIZATION_LEVEL = 0;
				GCC_PREPROCESSOR_DEFINITIONS = (
					"DEBUG=1",
					"$(inherited)",
				);
				GCC_WARN_64_TO_32_BIT_CONVERSION = YES;
				GCC_WARN_ABOUT_RETURN_TYPE = YES_ERROR;
				GCC_WARN_UNDECLARED_SELECTOR = YES;
				GCC_WARN_UNINITIALIZED_AUTOS = YES_AGGRESSIVE;
				GCC_WARN_UNUSED_FUNCTION = YES;
				GCC_WARN_UNUSED_VARIABLE = YES;
				IPHONEOS_DEPLOYMENT_TARGET = 18.1;
				LOCALIZATION_PREFERS_STRING_CATALOGS = YES;
				MTL_ENABLE_DEBUG_INFO = INCLUDE_SOURCE;
				MTL_FAST_MATH = YES;
				ONLY_ACTIVE_ARCH = YES;
				SDKROOT = iphoneos;
				SWIFT_ACTIVE_COMPILATION_CONDITIONS = "DEBUG $(inherited)";
				SWIFT_OPTIMIZATION_LEVEL = "-Onone";
			};
			name = Debug;
		};
		BFBC4E542CEA55CF00514B49 /* Release */ = {
			isa = XCBuildConfiguration;
			buildSettings = {
				ALWAYS_SEARCH_USER_PATHS = NO;
				ASSETCATALOG_COMPILER_GENERATE_SWIFT_ASSET_SYMBOL_EXTENSIONS = YES;
				CLANG_ANALYZER_NONNULL = YES;
				CLANG_ANALYZER_NUMBER_OBJECT_CONVERSION = YES_AGGRESSIVE;
				CLANG_CXX_LANGUAGE_STANDARD = "gnu++20";
				CLANG_ENABLE_MODULES = YES;
				CLANG_ENABLE_OBJC_ARC = YES;
				CLANG_ENABLE_OBJC_WEAK = YES;
				CLANG_WARN_BLOCK_CAPTURE_AUTORELEASING = YES;
				CLANG_WARN_BOOL_CONVERSION = YES;
				CLANG_WARN_COMMA = YES;
				CLANG_WARN_CONSTANT_CONVERSION = YES;
				CLANG_WARN_DEPRECATED_OBJC_IMPLEMENTATIONS = YES;
				CLANG_WARN_DIRECT_OBJC_ISA_USAGE = YES_ERROR;
				CLANG_WARN_DOCUMENTATION_COMMENTS = YES;
				CLANG_WARN_EMPTY_BODY = YES;
				CLANG_WARN_ENUM_CONVERSION = YES;
				CLANG_WARN_INFINITE_RECURSION = YES;
				CLANG_WARN_INT_CONVERSION = YES;
				CLANG_WARN_NON_LITERAL_NULL_CONVERSION = YES;
				CLANG_WARN_OBJC_IMPLICIT_RETAIN_SELF = YES;
				CLANG_WARN_OBJC_LITERAL_CONVERSION = YES;
				CLANG_WARN_OBJC_ROOT_CLASS = YES_ERROR;
				CLANG_WARN_QUOTED_INCLUDE_IN_FRAMEWORK_HEADER = YES;
				CLANG_WARN_RANGE_LOOP_ANALYSIS = YES;
				CLANG_WARN_STRICT_PROTOTYPES = YES;
				CLANG_WARN_SUSPICIOUS_MOVE = YES;
				CLANG_WARN_UNGUARDED_AVAILABILITY = YES_AGGRESSIVE;
				CLANG_WARN_UNREACHABLE_CODE = YES;
				CLANG_WARN__DUPLICATE_METHOD_MATCH = YES;
				COPY_PHASE_STRIP = NO;
				DEBUG_INFORMATION_FORMAT = "dwarf-with-dsym";
				ENABLE_NS_ASSERTIONS = NO;
				ENABLE_STRICT_OBJC_MSGSEND = YES;
				ENABLE_USER_SCRIPT_SANDBOXING = YES;
				GCC_C_LANGUAGE_STANDARD = gnu17;
				GCC_NO_COMMON_BLOCKS = YES;
				GCC_WARN_64_TO_32_BIT_CONVERSION = YES;
				GCC_WARN_ABOUT_RETURN_TYPE = YES_ERROR;
				GCC_WARN_UNDECLARED_SELECTOR = YES;
				GCC_WARN_UNINITIALIZED_AUTOS = YES_AGGRESSIVE;
				GCC_WARN_UNUSED_FUNCTION = YES;
				GCC_WARN_UNUSED_VARIABLE = YES;
				IPHONEOS_DEPLOYMENT_TARGET = 18.1;
				LOCALIZATION_PREFERS_STRING_CATALOGS = YES;
				MTL_ENABLE_DEBUG_INFO = NO;
				MTL_FAST_MATH = YES;
				SDKROOT = iphoneos;
				SWIFT_COMPILATION_MODE = wholemodule;
				VALIDATE_PRODUCT = YES;
			};
			name = Release;
		};
		BFBC4E562CEA55CF00514B49 /* Debug */ = {
			isa = XCBuildConfiguration;
			buildSettings = {
				ASSETCATALOG_COMPILER_APPICON_NAME = AppIcon;
				ASSETCATALOG_COMPILER_GLOBAL_ACCENT_COLOR_NAME = AccentColor;
				CODE_SIGN_ENTITLEMENTS = "One-ui/One-ui.entitlements";
				CODE_SIGN_STYLE = Automatic;
				CURRENT_PROJECT_VERSION = 1;
				DEVELOPMENT_ASSET_PATHS = "\"One-ui/Preview Content\"";
				DEVELOPMENT_TEAM = K7L685QH7K;
				ENABLE_PREVIEWS = YES;
				GENERATE_INFOPLIST_FILE = YES;
				INFOPLIST_KEY_UIApplicationSceneManifest_Generation = YES;
				INFOPLIST_KEY_UIApplicationSupportsIndirectInputEvents = YES;
				INFOPLIST_KEY_UILaunchScreen_Generation = YES;
				INFOPLIST_KEY_UISupportedInterfaceOrientations_iPad = "UIInterfaceOrientationPortrait UIInterfaceOrientationPortraitUpsideDown UIInterfaceOrientationLandscapeLeft UIInterfaceOrientationLandscapeRight";
				INFOPLIST_KEY_UISupportedInterfaceOrientations_iPhone = "UIInterfaceOrientationPortrait UIInterfaceOrientationLandscapeLeft UIInterfaceOrientationLandscapeRight";
				LD_RUNPATH_SEARCH_PATHS = (
					"$(inherited)",
					"@executable_path/Frameworks",
				);
				MARKETING_VERSION = 1.0;
				PRODUCT_BUNDLE_IDENTIFIER = "treylee.One-ui";
				PRODUCT_NAME = "$(TARGET_NAME)";
				SWIFT_EMIT_LOC_STRINGS = YES;
				SWIFT_VERSION = 5.0;
				TARGETED_DEVICE_FAMILY = "1,2";
			};
			name = Debug;
		};
		BFBC4E572CEA55CF00514B49 /* Release */ = {
			isa = XCBuildConfiguration;
			buildSettings = {
				ASSETCATALOG_COMPILER_APPICON_NAME = AppIcon;
				ASSETCATALOG_COMPILER_GLOBAL_ACCENT_COLOR_NAME = AccentColor;
				CODE_SIGN_ENTITLEMENTS = "One-ui/One-ui.entitlements";
				CODE_SIGN_STYLE = Automatic;
				CURRENT_PROJECT_VERSION = 1;
				DEVELOPMENT_ASSET_PATHS = "\"One-ui/Preview Content\"";
				DEVELOPMENT_TEAM = K7L685QH7K;
				ENABLE_PREVIEWS = YES;
				GENERATE_INFOPLIST_FILE = YES;
				INFOPLIST_KEY_UIApplicationSceneManifest_Generation = YES;
				INFOPLIST_KEY_UIApplicationSupportsIndirectInputEvents = YES;
				INFOPLIST_KEY_UILaunchScreen_Generation = YES;
				INFOPLIST_KEY_UISupportedInterfaceOrientations_iPad = "UIInterfaceOrientationPortrait UIInterfaceOrientationPortraitUpsideDown UIInterfaceOrientationLandscapeLeft UIInterfaceOrientationLandscapeRight";
				INFOPLIST_KEY_UISupportedInterfaceOrientations_iPhone = "UIInterfaceOrientationPortrait UIInterfaceOrientationLandscapeLeft UIInterfaceOrientationLandscapeRight";
				LD_RUNPATH_SEARCH_PATHS = (
					"$(inherited)",
					"@executable_path/Frameworks",
				);
				MARKETING_VERSION = 1.0;
				PRODUCT_BUNDLE_IDENTIFIER = "treylee.One-ui";
				PRODUCT_NAME = "$(TARGET_NAME)";
				SWIFT_EMIT_LOC_STRINGS = YES;
				SWIFT_VERSION = 5.0;
				TARGETED_DEVICE_FAMILY = "1,2";
			};
			name = Release;
		};
		BFBC4E592CEA55CF00514B49 /* Debug */ = {
			isa = XCBuildConfiguration;
			buildSettings = {
				BUNDLE_LOADER = "$(TEST_HOST)";
				CODE_SIGN_STYLE = Automatic;
				CURRENT_PROJECT_VERSION = 1;
				DEVELOPMENT_TEAM = K7L685QH7K;
				GENERATE_INFOPLIST_FILE = YES;
				IPHONEOS_DEPLOYMENT_TARGET = 18.1;
				MARKETING_VERSION = 1.0;
				PRODUCT_BUNDLE_IDENTIFIER = "treylee.One-uiTests";
				PRODUCT_NAME = "$(TARGET_NAME)";
				SWIFT_EMIT_LOC_STRINGS = NO;
				SWIFT_VERSION = 5.0;
				TARGETED_DEVICE_FAMILY = "1,2";
				TEST_HOST = "$(BUILT_PRODUCTS_DIR)/One-ui.app/$(BUNDLE_EXECUTABLE_FOLDER_PATH)/One-ui";
			};
			name = Debug;
		};
		BFBC4E5A2CEA55CF00514B49 /* Release */ = {
			isa = XCBuildConfiguration;
			buildSettings = {
				BUNDLE_LOADER = "$(TEST_HOST)";
				CODE_SIGN_STYLE = Automatic;
				CURRENT_PROJECT_VERSION = 1;
				DEVELOPMENT_TEAM = K7L685QH7K;
				GENERATE_INFOPLIST_FILE = YES;
				IPHONEOS_DEPLOYMENT_TARGET = 18.1;
				MARKETING_VERSION = 1.0;
				PRODUCT_BUNDLE_IDENTIFIER = "treylee.One-uiTests";
				PRODUCT_NAME = "$(TARGET_NAME)";
				SWIFT_EMIT_LOC_STRINGS = NO;
				SWIFT_VERSION = 5.0;
				TARGETED_DEVICE_FAMILY = "1,2";
				TEST_HOST = "$(BUILT_PRODUCTS_DIR)/One-ui.app/$(BUNDLE_EXECUTABLE_FOLDER_PATH)/One-ui";
			};
			name = Release;
		};
		BFBC4E5C2CEA55CF00514B49 /* Debug */ = {
			isa = XCBuildConfiguration;
			buildSettings = {
				CODE_SIGN_STYLE = Automatic;
				CURRENT_PROJECT_VERSION = 1;
				DEVELOPMENT_TEAM = K7L685QH7K;
				GENERATE_INFOPLIST_FILE = YES;
				MARKETING_VERSION = 1.0;
				PRODUCT_BUNDLE_IDENTIFIER = "treylee.One-uiUITests";
				PRODUCT_NAME = "$(TARGET_NAME)";
				SWIFT_EMIT_LOC_STRINGS = NO;
				SWIFT_VERSION = 5.0;
				TARGETED_DEVICE_FAMILY = "1,2";
				TEST_TARGET_NAME = "One-ui";
			};
			name = Debug;
		};
		BFBC4E5D2CEA55CF00514B49 /* Release */ = {
			isa = XCBuildConfiguration;
			buildSettings = {
				CODE_SIGN_STYLE = Automatic;
				CURRENT_PROJECT_VERSION = 1;
				DEVELOPMENT_TEAM = K7L685QH7K;
				GENERATE_INFOPLIST_FILE = YES;
				MARKETING_VERSION = 1.0;
				PRODUCT_BUNDLE_IDENTIFIER = "treylee.One-uiUITests";
				PRODUCT_NAME = "$(TARGET_NAME)";
				SWIFT_EMIT_LOC_STRINGS = NO;
				SWIFT_VERSION = 5.0;
				TARGETED_DEVICE_FAMILY = "1,2";
				TEST_TARGET_NAME = "One-ui";
			};
			name = Release;
		};
/* End XCBuildConfiguration section */

/* Begin XCConfigurationList section */
		BFBC4E2C2CEA55CE00514B49 /* Build configuration list for PBXProject "One-ui" */ = {
			isa = XCConfigurationList;
			buildConfigurations = (
				BFBC4E532CEA55CF00514B49 /* Debug */,
				BFBC4E542CEA55CF00514B49 /* Release */,
			);
			defaultConfigurationIsVisible = 0;
			defaultConfigurationName = Release;
		};
		BFBC4E552CEA55CF00514B49 /* Build configuration list for PBXNativeTarget "One-ui" */ = {
			isa = XCConfigurationList;
			buildConfigurations = (
				BFBC4E562CEA55CF00514B49 /* Debug */,
				BFBC4E572CEA55CF00514B49 /* Release */,
			);
			defaultConfigurationIsVisible = 0;
			defaultConfigurationName = Release;
		};
		BFBC4E582CEA55CF00514B49 /* Build configuration list for PBXNativeTarget "One-uiTests" */ = {
			isa = XCConfigurationList;
			buildConfigurations = (
				BFBC4E592CEA55CF00514B49 /* Debug */,
				BFBC4E5A2CEA55CF00514B49 /* Release */,
			);
			defaultConfigurationIsVisible = 0;
			defaultConfigurationName = Release;
		};
		BFBC4E5B2CEA55CF00514B49 /* Build configuration list for PBXNativeTarget "One-uiUITests" */ = {
			isa = XCConfigurationList;
			buildConfigurations = (
				BFBC4E5C2CEA55CF00514B49 /* Debug */,
				BFBC4E5D2CEA55CF00514B49 /* Release */,
			);
			defaultConfigurationIsVisible = 0;
			defaultConfigurationName = Release;
		};
/* End XCConfigurationList section */

/* Begin XCRemoteSwiftPackageReference section */
		BFBC4E5E2CEA55EF00514B49 /* XCRemoteSwiftPackageReference "stripe-ios" */ = {
			isa = XCRemoteSwiftPackageReference;
			repositoryURL = "https://github.com/stripe/stripe-ios.git";
			requirement = {
				kind = upToNextMajorVersion;
				minimumVersion = 24.0.0;
			};
		};
/* End XCRemoteSwiftPackageReference section */

/* Begin XCSwiftPackageProductDependency section */
		BFBC4E5F2CEA55EF00514B49 /* Stripe */ = {
			isa = XCSwiftPackageProductDependency;
			package = BFBC4E5E2CEA55EF00514B49 /* XCRemoteSwiftPackageReference "stripe-ios" */;
			productName = Stripe;
		};
		BFBC4E612CEA55EF00514B49 /* StripeApplePay */ = {
			isa = XCSwiftPackageProductDependency;
			package = BFBC4E5E2CEA55EF00514B49 /* XCRemoteSwiftPackageReference "stripe-ios" */;
			productName = StripeApplePay;
		};
		BFBC4E632CEA55EF00514B49 /* StripeCardScan */ = {
			isa = XCSwiftPackageProductDependency;
			package = BFBC4E5E2CEA55EF00514B49 /* XCRemoteSwiftPackageReference "stripe-ios" */;
			productName = StripeCardScan;
		};
		BFBC4E652CEA55EF00514B49 /* StripeFinancialConnections */ = {
			isa = XCSwiftPackageProductDependency;
			package = BFBC4E5E2CEA55EF00514B49 /* XCRemoteSwiftPackageReference "stripe-ios" */;
			productName = StripeFinancialConnections;
		};
		BFBC4E672CEA55EF00514B49 /* StripeIdentity */ = {
			isa = XCSwiftPackageProductDependency;
			package = BFBC4E5E2CEA55EF00514B49 /* XCRemoteSwiftPackageReference "stripe-ios" */;
			productName = StripeIdentity;
		};
		BFBC4E692CEA55EF00514B49 /* StripePaymentSheet */ = {
			isa = XCSwiftPackageProductDependency;
			package = BFBC4E5E2CEA55EF00514B49 /* XCRemoteSwiftPackageReference "stripe-ios" */;
			productName = StripePaymentSheet;
		};
		BFBC4E6B2CEA55EF00514B49 /* StripePayments */ = {
			isa = XCSwiftPackageProductDependency;
			package = BFBC4E5E2CEA55EF00514B49 /* XCRemoteSwiftPackageReference "stripe-ios" */;
			productName = StripePayments;
		};
		BFBC4E6D2CEA55EF00514B49 /* StripePaymentsUI */ = {
			isa = XCSwiftPackageProductDependency;
			package = BFBC4E5E2CEA55EF00514B49 /* XCRemoteSwiftPackageReference "stripe-ios" */;
			productName = StripePaymentsUI;
		};
/* End XCSwiftPackageProductDependency section */
	};
	rootObject = BFBC4E292CEA55CE00514B49 /* Project object */;
}
